# Generated by pub
# See https://dart.dev/tools/pub/glossary#lockfile
packages:
  iptv_org_api:
    dependency: "direct main"
    description:
      path: ".."
      relative: true
    source: path
    version: "1.0.0"
  lints:
    dependency: "direct dev"
    description:
      name: lints
      sha256: "12f842a479589fea194fe5c5a3095abc7be0c1f2ddfa9a0e76aed1dbd26a87df"
      url: "https://pub.dev"
    source: hosted
    version: "6.1.0"
  meta:
    dependency: transitive
    description:
      name: meta
      sha256: "307249ce4ff29d58a18e97f6345f539382eb9c9c29ecda628900f31de0443dd9"
      url: "https://pub.dev"
    source: hosted
    version: "1.19.0"
  run_off_main:
    dependency: transitive
    description:
      path: "."
      ref: main
      resolved-ref: "5231c1b9cf44b2f1f129840cd2fa0b29a7e44f2e"
      url: "https://github.com/DevelopersCoffee/run_off_main.git"
    source: git
    version: "1.0.0"
sdks:
  dart: ">=3.12.0 <4.0.0"
